// !$*UTF8*$!
{
	archiveVersion = 1;
	classes = {
	};
	objectVersion = 46;
	objects = {

/* Begin PBXBuildFile section */
		792B22461E97627C00227096 /* CardsViewControllerViewController.swift in Sources */ = {isa = PBXBuildFile; fileRef = 792B22451E97627C00227096 /* CardsViewControllerViewController.swift */; };
		7997410B1E9760B200A4F454 /* AppDelegate.swift in Sources */ = {isa = PBXBuildFile; fileRef = 7997410A1E9760B200A4F454 /* AppDelegate.swift */; };
		7997410D1E9760B200A4F454 /* ViewController.swift in Sources */ = {isa = PBXBuildFile; fileRef = 7997410C1E9760B200A4F454 /* ViewController.swift */; };
		799741101E9760B200A4F454 /* Main.storyboard in Resources */ = {isa = PBXBuildFile; fileRef = 7997410E1E9760B200A4F454 /* Main.storyboard */; };
		799741121E9760B200A4F454 /* Assets.xcassets in Resources */ = {isa = PBXBuildFile; fileRef = 799741111E9760B200A4F454 /* Assets.xcassets */; };
		799741151E9760B200A4F454 /* LaunchScreen.storyboard in Resources */ = {isa = PBXBuildFile; fileRef = 799741131E9760B200A4F454 /* LaunchScreen.storyboard */; };
/* End PBXBuildFile section */

/* Begin PBXFileReference section */
		792B22451E97627C00227096 /* CardsViewControllerViewController.swift */ = {isa = PBXFileReference; fileEncoding = 4; lastKnownFileType = sourcecode.swift; path = CardsViewControllerViewController.swift; sourceTree = "<group>"; };
		799741071E9760B200A4F454 /* TinderMock.app */ = {isa = PBXFileReference; explicitFileType = wrapper.application; includeInIndex = 0; path = TinderMock.app; sourceTree = BUILT_PRODUCTS_DIR; };
		7997410A1E9760B200A4F454 /* AppDelegate.swift */ = {isa = PBXFileReference; lastKnownFileType = sourcecode.swift; path = AppDelegate.swift; sourceTree = "<group>"; };
		7997410C1E9760B200A4F454 /* ViewController.swift */ = {isa = PBXFileReference; lastKnownFileType = sourcecode.swift; path = ViewController.swift; sourceTree = "<group>"; };
		7997410F1E9760B200A4F454 /* Base */ = {isa = PBXFileReference; lastKnownFileType = file.storyboard; name = Base; path = Base.lproj/Main.storyboard; sourceTree = "<group>"; };
		799741111E9760B200A4F454 /* Assets.xcassets */ = {isa = PBXFileReference; lastKnownFileType = folder.assetcatalog; path = Assets.xcassets; sourceTree = "<group>"; };
		799741141E9760B200A4F454 /* Base */ = {isa = PBXFileReference; lastKnownFileType = file.storyboard; name = Base; path = Base.lproj/LaunchScreen.storyboard; sourceTree = "<group>"; };
		799741161E9760B200A4F454 /* Info.plist */ = {isa = PBXFileReference; lastKnownFileType = text.plist.xml; path = Info.plist; sourceTree = "<group>"; };
/* End PBXFileReference section */

/* Begin PBXFrameworksBuildPhase section */
		799741041E9760B200A4F454 /* Frameworks */ = {
			isa = PBXFrameworksBuildPhase;
			buildActionMask = 2147483647;
			files = (
			);
			runOnlyForDeploymentPostprocessing = 0;
		};
/* End PBXFrameworksBuildPhase section */

/* Begin PBXGroup section */
		792B22471E97628500227096 /* View Controllers */ = {
			isa = PBXGroup;
			children = (
				792B22451E97627C00227096 /* CardsViewControllerViewController.swift */,
			);
			name = "View Controllers";
			sourceTree = "<group>";
		};
		799740FE1E9760B200A4F454 = {
			isa = PBXGroup;
			children = (
				799741091E9760B200A4F454 /* TinderMock */,
				799741081E9760B200A4F454 /* Products */,
			);
			sourceTree = "<group>";
		};
		799741081E9760B200A4F454 /* Products */ = {
			isa = PBXGroup;
			children = (
				799741071E9760B200A4F454 /* TinderMock.app */,
			);
			name = Products;
			sourceTree = "<group>";
		};
		799741091E9760B200A4F454 /* TinderMock */ = {
			isa = PBXGroup;
			children = (
				792B22471E97628500227096 /* View Controllers */,
				7997410A1E9760B200A4F454 /* AppDelegate.swift */,
				7997410C1E9760B200A4F454 /* ViewController.swift */,
				7997410E1E9760B200A4F454 /* Main.storyboard */,
				799741111E9760B200A4F454 /* Assets.xcassets */,
				799741131E9760B200A4F454 /* LaunchScreen.storyboard */,
				799741161E9760B200A4F454 /* Info.plist */,
			);
			path = TinderMock;
			sourceTree = "<group>";
		};
/* End PBXGroup section */

/* Begin PBXNativeTarget section */
		799741061E9760B200A4F454 /* TinderMock */ = {
			isa = PBXNativeTarget;
			buildConfigurationList = 799741191E9760B200A4F454 /* Build configuration list for PBXNativeTarget "TinderMock" */;
			buildPhases = (
				799741031E9760B200A4F454 /* Sources */,
				799741041E9760B200A4F454 /* Frameworks */,
				799741051E9760B200A4F454 /* Resources */,
			);
			buildRules = (
			);
			dependencies = (
			);
			name = TinderMock;
			productName = TinderMock;
			productReference = 799741071E9760B200A4F454 /* TinderMock.app */;
			productType = "com.apple.product-type.application";
		};
/* End PBXNativeTarget section */

/* Begin PBXProject section */
		799740FF1E9760B200A4F454 /* Project object */ = {
			isa = PBXProject;
			attributes = {
				LastSwiftUpdateCheck = 0820;
				LastUpgradeCheck = 0820;
				ORGANIZATIONNAME = "Edison Lam";
				TargetAttributes = {
					799741061E9760B200A4F454 = {
						CreatedOnToolsVersion = 8.2.1;
						ProvisioningStyle = Automatic;
					};
				};
			};
			buildConfigurationList = 799741021E9760B200A4F454 /* Build configuration list for PBXProject "TinderMock" */;
			compatibilityVersion = "Xcode 3.2";
			developmentRegion = English;
			hasScannedForEncodings = 0;
			knownRegions = (
				en,
				Base,
			);
			mainGroup = 799740FE1E9760B200A4F454;
			productRefGroup = 799741081E9760B200A4F454 /* Products */;
			projectDirPath = "";
			projectRoot = "";
			targets = (
				799741061E9760B200A4F454 /* TinderMock */,
			);
		};
/* End PBXProject section */

/* Begin PBXResourcesBuildPhase section */
		799741051E9760B200A4F454 /* Resources */ = {
			isa = PBXResourcesBuildPhase;
			buildActionMask = 2147483647;
			files = (
				799741151E9760B200A4F454 /* LaunchScreen.storyboard in Resources */,
				799741121E9760B200A4F454 /* Assets.xcassets in Resources */,
				799741101E9760B200A4F454 /* Main.storyboard in Resources */,
			);
			runOnlyForDeploymentPostprocessing = 0;
		};
/* End PBXResourcesBuildPhase section */

/* Begin PBXSourcesBuildPhase section */
		799741031E9760B200A4F454 /* Sources */ = {
			isa = PBXSourcesBuildPhase;
			buildActionMask = 2147483647;
			files = (
				7997410D1E9760B200A4F454 /* ViewController.swift in Sources */,
				7997410B1E9760B200A4F454 /* AppDelegate.swift in Sources */,
				792B22461E97627C00227096 /* CardsViewControllerViewController.swift in Sources */,
			);
			runOnlyForDeploymentPostprocessing = 0;
		};
/* End PBXSourcesBuildPhase section */

/* Begin PBXVariantGroup section */
		7997410E1E9760B200A4F454 /* Main.storyboard */ = {
			isa = PBXVariantGroup;
			children = (
				7997410F1E9760B200A4F454 /* Base */,
			);
			name = Main.storyboard;
			sourceTree = "<group>";
		};
		799741131E9760B200A4F454 /* LaunchScreen.storyboard */ = {
			isa = PBXVariantGroup;
			children = (
				799741141E9760B200A4F454 /* Base */,
			);
			name = LaunchScreen.storyboard;
			sourceTree = "<group>";
		};
/* End PBXVariantGroup section */

/* Begin XCBuildConfiguration section */
		799741171E9760B200A4F454 /* Debug */ = {
			isa = XCBuildConfiguration;
			buildSettings = {
				ALWAYS_SEARCH_USER_PATHS = NO;
				CLANG_ANALYZER_NONNULL = YES;
				CLANG_CXX_LANGUAGE_STANDARD = "gnu++0x";
				CLANG_CXX_LIBRARY = "libc++";
				CLANG_ENABLE_MODULES = YES;
				CLANG_ENABLE_OBJC_ARC = YES;
				CLANG_WARN_BOOL_CONVERSION = YES;
				CLANG_WARN_CONSTANT_CONVERSION = YES;
				CLANG_WARN_DIRECT_OBJC_ISA_USAGE = YES_ERROR;
				CLANG_WARN_DOCUMENTATION_COMMENTS = YES;
				CLANG_WARN_EMPTY_BODY = YES;
				CLANG_WARN_ENUM_CONVERSION = YES;
				CLANG_WARN_INFINITE_RECURSION = YES;
				CLANG_WARN_INT_CONVERSION = YES;
				CLANG_WARN_OBJC_ROOT_CLASS = YES_ERROR;
				CLANG_WARN_SUSPICIOUS_MOVE = YES;
				CLANG_WARN_UNREACHABLE_CODE = YES;
				CLANG_WARN__DUPLICATE_METHOD_MATCH = YES;
				"CODE_SIGN_IDENTITY[sdk=iphoneos*]" = "iPhone Developer";
				COPY_PHASE_STRIP = NO;
				DEBUG_INFORMATION_FORMAT = dwarf;
				ENABLE_STRICT_OBJC_MSGSEND = YES;
				ENABLE_TESTABILITY = YES;
				GCC_C_LANGUAGE_STANDARD = gnu99;
				GCC_DYNAMIC_NO_PIC = NO;
				GCC_NO_COMMON_BLOCKS = YES;
				GCC_OPTIMIZATION_LEVEL = 0;
				GCC_PREPROCESSOR_DEFINITIONS = (
					"DEBUG=1",
					"$(inherited)",
				);
				GCC_WARN_64_TO_32_BIT_CONVERSION = YES;
				GCC_WARN_ABOUT_RETURN_TYPE = YES_ERROR;
				GCC_WARN_UNDECLARED_SELECTOR = YES;
				GCC_WARN_UNINITIALIZED_AUTOS = YES_AGGRESSIVE;
				GCC_WARN_UNUSED_FUNCTION = YES;
				GCC_WARN_UNUSED_VARIABLE = YES;
				IPHONEOS_DEPLOYMENT_TARGET = 10.2;
				MTL_ENABLE_DEBUG_INFO = YES;
				ONLY_ACTIVE_ARCH = YES;
				SDKROOT = iphoneos;
				SWIFT_ACTIVE_COMPILATION_CONDITIONS = DEBUG;
				SWIFT_OPTIMIZATION_LEVEL = "-Onone";
				TARGETED_DEVICE_FAMILY = "1,2";
			};
			name = Debug;
		};
		799741181E9760B200A4F454 /* Release */ = {
			isa = XCBuildConfiguration;
			buildSettings = {
				ALWAYS_SEARCH_USER_PATHS = NO;
				CLANG_ANALYZER_NONNULL = YES;
				CLANG_CXX_LANGUAGE_STANDARD = "gnu++0x";
				CLANG_CXX_LIBRARY = "libc++";
				CLANG_ENABLE_MODULES = YES;
				CLANG_ENABLE_OBJC_ARC = YES;
				CLANG_WARN_BOOL_CONVERSION = YES;
				CLANG_WARN_CONSTANT_CONVERSION = YES;
				CLANG_WARN_DIRECT_OBJC_ISA_USAGE = YES_ERROR;
				CLANG_WARN_DOCUMENTATION_COMMENTS = YES;
				CLANG_WARN_EMPTY_BODY = YES;
				CLANG_WARN_ENUM_CONVERSION = YES;
				CLANG_WARN_INFINITE_RECURSION = YES;
				CLANG_WARN_INT_CONVERSION = YES;
				CLANG_WARN_OBJC_ROOT_CLASS = YES_ERROR;
				CLANG_WARN_SUSPICIOUS_MOVE = YES;
				CLANG_WARN_UNREACHABLE_CODE = YES;
				CLANG_WARN__DUPLICATE_METHOD_MATCH = YES;
				"CODE_SIGN_IDENTITY[sdk=iphoneos*]" = "iPhone Developer";
				COPY_PHASE_STRIP = NO;
				DEBUG_INFORMATION_FORMAT = "dwarf-with-dsym";
				ENABLE_NS_ASSERTIONS = NO;
				ENABLE_STRICT_OBJC_MSGSEND = YES;
				GCC_C_LANGUAGE_STANDARD = gnu99;
				GCC_NO_COMMON_BLOCKS = YES;
				GCC_WARN_64_TO_32_BIT_CONVERSION = YES;
				GCC_WARN_ABOUT_RETURN_TYPE = YES_ERROR;
				GCC_WARN_UNDECLARED_SELECTOR = YES;
				GCC_WARN_UNINITIALIZED_AUTOS = YES_AGGRESSIVE;
				GCC_WARN_UNUSED_FUNCTION = YES;
				GCC_WARN_UNUSED_VARIABLE = YES;
				IPHONEOS_DEPLOYMENT_TARGET = 10.2;
				MTL_ENABLE_DEBUG_INFO = NO;
				SDKROOT = iphoneos;
				SWIFT_OPTIMIZATION_LEVEL = "-Owholemodule";
				TARGETED_DEVICE_FAMILY = "1,2";
				VALIDATE_PRODUCT = YES;
			};
			name = Release;
		};
		7997411A1E9760B200A4F454 /* Debug */ = {
			isa = XCBuildConfiguration;
			buildSettings = {
				ASSETCATALOG_COMPILER_APPICON_NAME = AppIcon;
				INFOPLIST_FILE = TinderMock/Info.plist;
				LD_RUNPATH_SEARCH_PATHS = "$(inherited) @executable_path/Frameworks";
				PRODUCT_BUNDLE_IDENTIFIER = "ccsf-codepath.TinderMock";
				PRODUCT_NAME = "$(TARGET_NAME)";
				SWIFT_VERSION = 3.0;
			};
			name = Debug;
		};
		7997411B1E9760B200A4F454 /* Release */ = {
			isa = XCBuildConfiguration;
			buildSettings = {
				ASSETCATALOG_COMPILER_APPICON_NAME = AppIcon;
				INFOPLIST_FILE = TinderMock/Info.plist;
				LD_RUNPATH_SEARCH_PATHS = "$(inherited) @executable_path/Frameworks";
				PRODUCT_BUNDLE_IDENTIFIER = "ccsf-codepath.TinderMock";
				PRODUCT_NAME = "$(TARGET_NAME)";
				SWIFT_VERSION = 3.0;
			};
			name = Release;
		};
/* End XCBuildConfiguration section */

/* Begin XCConfigurationList section */
		799741021E9760B200A4F454 /* Build configuration list for PBXProject "TinderMock" */ = {
			isa = XCConfigurationList;
			buildConfigurations = (
				799741171E9760B200A4F454 /* Debug */,
				799741181E9760B200A4F454 /* Release */,
			);
			defaultConfigurationIsVisible = 0;
			defaultConfigurationName = Release;
		};
		799741191E9760B200A4F454 /* Build configuration list for PBXNativeTarget "TinderMock" */ = {
			isa = XCConfigurationList;
			buildConfigurations = (
				7997411A1E9760B200A4F454 /* Debug */,
				7997411B1E9760B200A4F454 /* Release */,
			);
			defaultConfigurationIsVisible = 0;
			defaultConfigurationName = Release;
		};
/* End XCConfigurationList section */
	};
	rootObject = 799740FF1E9760B200A4F454 /* Project object */;
}
